
Microsoft Visual Studio Solution File, Format Version 12.00
# Visual Studio Version 16
VisualStudioVersion = 16.0.31205.134
MinimumVisualStudioVersion = 10.0.40219.1
Project("{FAE04EC0-301F-11D3-BF4B-00C04F79EFBC}") = "BasketballClubApi", "BasketballClubApi\BasketballClubApi.csproj", "{B72C4EFB-5A54-4D63-A17A-E0162209345B}"
EndProject
Global
	GlobalSection(SolutionConfigurationPlatforms) = preSolution
		Debug|Any CPU = Debug|Any CPU
		Release|Any CPU = Release|Any CPU
	EndGlobalSection
	GlobalSection(ProjectConfigurationPlatforms) = postSolution
		{B72C4EFB-5A54-4D63-A17A-E0162209345B}.Debug|Any CPU.ActiveCfg = Debug|Any CPU
		{B72C4EFB-5A54-4D63-A17A-E0162209345B}.Debug|Any CPU.Build.0 = Debug|Any CPU
		{B72C4EFB-5A54-4D63-A17A-E0162209345B}.Release|Any CPU.ActiveCfg = Release|Any CPU
		{B72C4EFB-5A54-4D63-A17A-E0162209345B}.Release|Any CPU.Build.0 = Release|Any CPU
	EndGlobalSection
	GlobalSection(SolutionProperties) = preSolution
		HideSolutionNode = FALSE
	EndGlobalSection
	GlobalSection(ExtensibilityGlobals) = postSolution
		SolutionGuid = {4DE7784D-2B97-48CC-A8FB-2BBFB98236BC}
	EndGlobalSection
EndGlobal
